
Microsoft Visual Studio Solution File, Format Version 12.00
# Visual Studio Version 16
VisualStudioVersion = 16.0.28407.52
MinimumVisualStudioVersion = 10.0.40219.1
Project("{FAE04EC0-301F-11D3-BF4B-00C04F79EFBC}") = "PostmanToMD", "PostmanToMD\PostmanToMD.csproj", "{C2DDCBC8-0C73-451A-BF2E-267DDCCC7E81}"
EndProject
Project("{9A19103F-16F7-4668-BE54-9A1E7A4F7556}") = "Test", "Test\Test.csproj", "{E80EDB4A-249D-4CFB-8F14-DC3AD588F1B1}"
EndProject
Project("{9A19103F-16F7-4668-BE54-9A1E7A4F7556}") = "MetaWeblog", "MetaWeblog\MetaWeblog.csproj", "{5E16E7AF-C7B1-4732-8631-18D2494C3656}"
EndProject
Project("{9A19103F-16F7-4668-BE54-9A1E7A4F7556}") = "SyncToCnBlog", "SyncToCnBlog\SyncToCnBlog.csproj", "{BC22E23F-C3FF-42FA-AA33-4264219E3C43}"
EndProject
Project("{9A19103F-16F7-4668-BE54-9A1E7A4F7556}") = "ImageHelper", "ImageHelper\ImageHelper.csproj", "{2B877FB5-E5A3-4348-9E4F-1A60E9D6F1A0}"
EndProject
Project("{FAE04EC0-301F-11D3-BF4B-00C04F79EFBC}") = "授权码生成工具", "授权码生成工具\授权码生成工具.csproj", "{7F332E67-F22F-4C63-A5D7-B376E22FE28A}"
Project("{FAE04EC0-301F-11D3-BF4B-00C04F79EFBC}") = "AutoLogin", "AutoLogin\AutoLogin.csproj", "{71B54655-2C04-45A4-A050-3035FC49B372}"
EndProject
Project("{FAE04EC0-301F-11D3-BF4B-00C04F79EFBC}") = "NetEaseBlogXmlParse", "NetEaseBlogXmlParse\NetEaseBlogXmlParse.csproj", "{416A4469-3B9E-4FCB-A428-B48B3F771E66}"
EndProject
Global
	GlobalSection(SolutionConfigurationPlatforms) = preSolution
		CD_ROM|Any CPU = CD_ROM|Any CPU
		CD_ROM|ARM = CD_ROM|ARM
		CD_ROM|x64 = CD_ROM|x64
		CD_ROM|x86 = CD_ROM|x86
		Debug|Any CPU = Debug|Any CPU
		Debug|ARM = Debug|ARM
		Debug|x64 = Debug|x64
		Debug|x86 = Debug|x86
		DVD-5|Any CPU = DVD-5|Any CPU
		DVD-5|ARM = DVD-5|ARM
		DVD-5|x64 = DVD-5|x64
		DVD-5|x86 = DVD-5|x86
		Release|Any CPU = Release|Any CPU
		Release|ARM = Release|ARM
		Release|x64 = Release|x64
		Release|x86 = Release|x86
		SingleImage|Any CPU = SingleImage|Any CPU
		SingleImage|ARM = SingleImage|ARM
		SingleImage|x64 = SingleImage|x64
		SingleImage|x86 = SingleImage|x86
	EndGlobalSection
	GlobalSection(ProjectConfigurationPlatforms) = postSolution
		{C2DDCBC8-0C73-451A-BF2E-267DDCCC7E81}.CD_ROM|Any CPU.ActiveCfg = Release|Any CPU
		{C2DDCBC8-0C73-451A-BF2E-267DDCCC7E81}.CD_ROM|Any CPU.Build.0 = Release|Any CPU
		{C2DDCBC8-0C73-451A-BF2E-267DDCCC7E81}.CD_ROM|ARM.ActiveCfg = Release|Any CPU
		{C2DDCBC8-0C73-451A-BF2E-267DDCCC7E81}.CD_ROM|ARM.Build.0 = Release|Any CPU
		{C2DDCBC8-0C73-451A-BF2E-267DDCCC7E81}.CD_ROM|x64.ActiveCfg = Release|Any CPU
		{C2DDCBC8-0C73-451A-BF2E-267DDCCC7E81}.CD_ROM|x64.Build.0 = Release|Any CPU
		{C2DDCBC8-0C73-451A-BF2E-267DDCCC7E81}.CD_ROM|x86.ActiveCfg = Release|Any CPU
		{C2DDCBC8-0C73-451A-BF2E-267DDCCC7E81}.CD_ROM|x86.Build.0 = Release|Any CPU
		{C2DDCBC8-0C73-451A-BF2E-267DDCCC7E81}.Debug|Any CPU.ActiveCfg = Debug|Any CPU
		{C2DDCBC8-0C73-451A-BF2E-267DDCCC7E81}.Debug|Any CPU.Build.0 = Debug|Any CPU
		{C2DDCBC8-0C73-451A-BF2E-267DDCCC7E81}.Debug|ARM.ActiveCfg = Debug|Any CPU
		{C2DDCBC8-0C73-451A-BF2E-267DDCCC7E81}.Debug|ARM.Build.0 = Debug|Any CPU
		{C2DDCBC8-0C73-451A-BF2E-267DDCCC7E81}.Debug|x64.ActiveCfg = Debug|Any CPU
		{C2DDCBC8-0C73-451A-BF2E-267DDCCC7E81}.Debug|x64.Build.0 = Debug|Any CPU
		{C2DDCBC8-0C73-451A-BF2E-267DDCCC7E81}.Debug|x86.ActiveCfg = Debug|Any CPU
		{C2DDCBC8-0C73-451A-BF2E-267DDCCC7E81}.Debug|x86.Build.0 = Debug|Any CPU
		{C2DDCBC8-0C73-451A-BF2E-267DDCCC7E81}.DVD-5|Any CPU.ActiveCfg = Debug|Any CPU
		{C2DDCBC8-0C73-451A-BF2E-267DDCCC7E81}.DVD-5|Any CPU.Build.0 = Debug|Any CPU
		{C2DDCBC8-0C73-451A-BF2E-267DDCCC7E81}.DVD-5|ARM.ActiveCfg = Debug|Any CPU
		{C2DDCBC8-0C73-451A-BF2E-267DDCCC7E81}.DVD-5|ARM.Build.0 = Debug|Any CPU
		{C2DDCBC8-0C73-451A-BF2E-267DDCCC7E81}.DVD-5|x64.ActiveCfg = Debug|Any CPU
		{C2DDCBC8-0C73-451A-BF2E-267DDCCC7E81}.DVD-5|x64.Build.0 = Debug|Any CPU
		{C2DDCBC8-0C73-451A-BF2E-267DDCCC7E81}.DVD-5|x86.ActiveCfg = Debug|Any CPU
		{C2DDCBC8-0C73-451A-BF2E-267DDCCC7E81}.DVD-5|x86.Build.0 = Debug|Any CPU
		{C2DDCBC8-0C73-451A-BF2E-267DDCCC7E81}.Release|Any CPU.ActiveCfg = Release|Any CPU
		{C2DDCBC8-0C73-451A-BF2E-267DDCCC7E81}.Release|Any CPU.Build.0 = Release|Any CPU
		{C2DDCBC8-0C73-451A-BF2E-267DDCCC7E81}.Release|ARM.ActiveCfg = Release|Any CPU
		{C2DDCBC8-0C73-451A-BF2E-267DDCCC7E81}.Release|ARM.Build.0 = Release|Any CPU
		{C2DDCBC8-0C73-451A-BF2E-267DDCCC7E81}.Release|x64.ActiveCfg = Release|Any CPU
		{C2DDCBC8-0C73-451A-BF2E-267DDCCC7E81}.Release|x64.Build.0 = Release|Any CPU
		{C2DDCBC8-0C73-451A-BF2E-267DDCCC7E81}.Release|x86.ActiveCfg = Release|Any CPU
		{C2DDCBC8-0C73-451A-BF2E-267DDCCC7E81}.Release|x86.Build.0 = Release|Any CPU
		{5A1EAB6A-7D29-4D55-AA02-0A89A602A922}.Debug|Any CPU.ActiveCfg = Debug|x86
		{5A1EAB6A-7D29-4D55-AA02-0A89A602A922}.Debug|Any CPU.Build.0 = Debug|x86
		{5A1EAB6A-7D29-4D55-AA02-0A89A602A922}.Debug|Any CPU.Deploy.0 = Debug|x86
		{5A1EAB6A-7D29-4D55-AA02-0A89A602A922}.Debug|ARM.ActiveCfg = Debug|x64
		{5A1EAB6A-7D29-4D55-AA02-0A89A602A922}.Debug|ARM.Build.0 = Debug|x64
		{5A1EAB6A-7D29-4D55-AA02-0A89A602A922}.Debug|ARM.Deploy.0 = Debug|x64
		{5A1EAB6A-7D29-4D55-AA02-0A89A602A922}.Debug|x64.ActiveCfg = Debug|x64
		{5A1EAB6A-7D29-4D55-AA02-0A89A602A922}.Debug|x64.Build.0 = Debug|x64
		{5A1EAB6A-7D29-4D55-AA02-0A89A602A922}.Debug|x64.Deploy.0 = Debug|x64
		{5A1EAB6A-7D29-4D55-AA02-0A89A602A922}.Debug|x86.ActiveCfg = Debug|x86
		{5A1EAB6A-7D29-4D55-AA02-0A89A602A922}.Debug|x86.Build.0 = Debug|x86
		{5A1EAB6A-7D29-4D55-AA02-0A89A602A922}.Debug|x86.Deploy.0 = Debug|x86
		{5A1EAB6A-7D29-4D55-AA02-0A89A602A922}.Release|Any CPU.ActiveCfg = Release|x86
		{5A1EAB6A-7D29-4D55-AA02-0A89A602A922}.Release|ARM.ActiveCfg = Release|ARM
		{5A1EAB6A-7D29-4D55-AA02-0A89A602A922}.Release|ARM.Build.0 = Release|ARM
		{5A1EAB6A-7D29-4D55-AA02-0A89A602A922}.Release|ARM.Deploy.0 = Release|ARM
		{5A1EAB6A-7D29-4D55-AA02-0A89A602A922}.Release|x64.ActiveCfg = Release|x64
		{5A1EAB6A-7D29-4D55-AA02-0A89A602A922}.Release|x64.Build.0 = Release|x64
		{5A1EAB6A-7D29-4D55-AA02-0A89A602A922}.Release|x64.Deploy.0 = Release|x64
		{5A1EAB6A-7D29-4D55-AA02-0A89A602A922}.Release|x86.ActiveCfg = Release|x86
		{5A1EAB6A-7D29-4D55-AA02-0A89A602A922}.Release|x86.Build.0 = Release|x86
		{5A1EAB6A-7D29-4D55-AA02-0A89A602A922}.Release|x86.Deploy.0 = Release|x86
		{E80EDB4A-249D-4CFB-8F14-DC3AD588F1B1}.Debug|Any CPU.ActiveCfg = Debug|Any CPU
		{E80EDB4A-249D-4CFB-8F14-DC3AD588F1B1}.Debug|Any CPU.Build.0 = Debug|Any CPU
		{E80EDB4A-249D-4CFB-8F14-DC3AD588F1B1}.Debug|ARM.ActiveCfg = Debug|Any CPU
		{E80EDB4A-249D-4CFB-8F14-DC3AD588F1B1}.Debug|ARM.Build.0 = Debug|Any CPU
		{E80EDB4A-249D-4CFB-8F14-DC3AD588F1B1}.Debug|x64.ActiveCfg = Debug|Any CPU
		{E80EDB4A-249D-4CFB-8F14-DC3AD588F1B1}.Debug|x64.Build.0 = Debug|Any CPU
		{E80EDB4A-249D-4CFB-8F14-DC3AD588F1B1}.Debug|x86.ActiveCfg = Debug|Any CPU
		{E80EDB4A-249D-4CFB-8F14-DC3AD588F1B1}.Debug|x86.Build.0 = Debug|Any CPU
		{E80EDB4A-249D-4CFB-8F14-DC3AD588F1B1}.DVD-5|Any CPU.ActiveCfg = Debug|Any CPU
		{E80EDB4A-249D-4CFB-8F14-DC3AD588F1B1}.DVD-5|Any CPU.Build.0 = Debug|Any CPU
		{E80EDB4A-249D-4CFB-8F14-DC3AD588F1B1}.DVD-5|ARM.ActiveCfg = Debug|Any CPU
		{E80EDB4A-249D-4CFB-8F14-DC3AD588F1B1}.DVD-5|ARM.Build.0 = Debug|Any CPU
		{E80EDB4A-249D-4CFB-8F14-DC3AD588F1B1}.DVD-5|x64.ActiveCfg = Debug|Any CPU
		{E80EDB4A-249D-4CFB-8F14-DC3AD588F1B1}.DVD-5|x64.Build.0 = Debug|Any CPU
		{E80EDB4A-249D-4CFB-8F14-DC3AD588F1B1}.DVD-5|x86.ActiveCfg = Debug|Any CPU
		{E80EDB4A-249D-4CFB-8F14-DC3AD588F1B1}.DVD-5|x86.Build.0 = Debug|Any CPU
		{E80EDB4A-249D-4CFB-8F14-DC3AD588F1B1}.Release|Any CPU.ActiveCfg = Release|Any CPU
		{E80EDB4A-249D-4CFB-8F14-DC3AD588F1B1}.Release|Any CPU.Build.0 = Release|Any CPU
		{E80EDB4A-249D-4CFB-8F14-DC3AD588F1B1}.Release|ARM.ActiveCfg = Release|Any CPU
		{E80EDB4A-249D-4CFB-8F14-DC3AD588F1B1}.Release|ARM.Build.0 = Release|Any CPU
		{E80EDB4A-249D-4CFB-8F14-DC3AD588F1B1}.Release|x64.ActiveCfg = Release|Any CPU
		{E80EDB4A-249D-4CFB-8F14-DC3AD588F1B1}.Release|x64.Build.0 = Release|Any CPU
		{E80EDB4A-249D-4CFB-8F14-DC3AD588F1B1}.Release|x86.ActiveCfg = Release|Any CPU
		{E80EDB4A-249D-4CFB-8F14-DC3AD588F1B1}.Release|x86.Build.0 = Release|Any CPU
		{5E16E7AF-C7B1-4732-8631-18D2494C3656}.Debug|Any CPU.ActiveCfg = Debug|Any CPU
		{5E16E7AF-C7B1-4732-8631-18D2494C3656}.Debug|Any CPU.Build.0 = Debug|Any CPU
		{5E16E7AF-C7B1-4732-8631-18D2494C3656}.Debug|ARM.ActiveCfg = Debug|Any CPU
		{5E16E7AF-C7B1-4732-8631-18D2494C3656}.Debug|ARM.Build.0 = Debug|Any CPU
		{5E16E7AF-C7B1-4732-8631-18D2494C3656}.Debug|x64.ActiveCfg = Debug|Any CPU
		{5E16E7AF-C7B1-4732-8631-18D2494C3656}.Debug|x64.Build.0 = Debug|Any CPU
		{5E16E7AF-C7B1-4732-8631-18D2494C3656}.Debug|x86.ActiveCfg = Debug|Any CPU
		{5E16E7AF-C7B1-4732-8631-18D2494C3656}.Debug|x86.Build.0 = Debug|Any CPU
		{5E16E7AF-C7B1-4732-8631-18D2494C3656}.DVD-5|Any CPU.ActiveCfg = Debug|Any CPU
		{5E16E7AF-C7B1-4732-8631-18D2494C3656}.DVD-5|Any CPU.Build.0 = Debug|Any CPU
		{5E16E7AF-C7B1-4732-8631-18D2494C3656}.DVD-5|ARM.ActiveCfg = Debug|Any CPU
		{5E16E7AF-C7B1-4732-8631-18D2494C3656}.DVD-5|ARM.Build.0 = Debug|Any CPU
		{5E16E7AF-C7B1-4732-8631-18D2494C3656}.DVD-5|x64.ActiveCfg = Debug|Any CPU
		{5E16E7AF-C7B1-4732-8631-18D2494C3656}.DVD-5|x64.Build.0 = Debug|Any CPU
		{5E16E7AF-C7B1-4732-8631-18D2494C3656}.DVD-5|x86.ActiveCfg = Debug|Any CPU
		{5E16E7AF-C7B1-4732-8631-18D2494C3656}.DVD-5|x86.Build.0 = Debug|Any CPU
		{5E16E7AF-C7B1-4732-8631-18D2494C3656}.Release|Any CPU.ActiveCfg = Release|Any CPU
		{5E16E7AF-C7B1-4732-8631-18D2494C3656}.Release|Any CPU.Build.0 = Release|Any CPU
		{5E16E7AF-C7B1-4732-8631-18D2494C3656}.Release|ARM.ActiveCfg = Release|Any CPU
		{5E16E7AF-C7B1-4732-8631-18D2494C3656}.Release|ARM.Build.0 = Release|Any CPU
		{5E16E7AF-C7B1-4732-8631-18D2494C3656}.Release|x64.ActiveCfg = Release|Any CPU
		{5E16E7AF-C7B1-4732-8631-18D2494C3656}.Release|x64.Build.0 = Release|Any CPU
		{5E16E7AF-C7B1-4732-8631-18D2494C3656}.Release|x86.ActiveCfg = Release|Any CPU
		{5E16E7AF-C7B1-4732-8631-18D2494C3656}.Release|x86.Build.0 = Release|Any CPU
		{BC22E23F-C3FF-42FA-AA33-4264219E3C43}.Debug|Any CPU.ActiveCfg = Debug|Any CPU
		{BC22E23F-C3FF-42FA-AA33-4264219E3C43}.Debug|Any CPU.Build.0 = Debug|Any CPU
		{BC22E23F-C3FF-42FA-AA33-4264219E3C43}.Debug|ARM.ActiveCfg = Debug|Any CPU
		{BC22E23F-C3FF-42FA-AA33-4264219E3C43}.Debug|ARM.Build.0 = Debug|Any CPU
		{BC22E23F-C3FF-42FA-AA33-4264219E3C43}.Debug|x64.ActiveCfg = Debug|Any CPU
		{BC22E23F-C3FF-42FA-AA33-4264219E3C43}.Debug|x64.Build.0 = Debug|Any CPU
		{BC22E23F-C3FF-42FA-AA33-4264219E3C43}.Debug|x86.ActiveCfg = Debug|Any CPU
		{BC22E23F-C3FF-42FA-AA33-4264219E3C43}.Debug|x86.Build.0 = Debug|Any CPU
		{BC22E23F-C3FF-42FA-AA33-4264219E3C43}.Release|Any CPU.ActiveCfg = Release|Any CPU
		{BC22E23F-C3FF-42FA-AA33-4264219E3C43}.Release|Any CPU.Build.0 = Release|Any CPU
		{BC22E23F-C3FF-42FA-AA33-4264219E3C43}.Release|ARM.ActiveCfg = Release|Any CPU
		{BC22E23F-C3FF-42FA-AA33-4264219E3C43}.Release|ARM.Build.0 = Release|Any CPU
		{BC22E23F-C3FF-42FA-AA33-4264219E3C43}.Release|x64.ActiveCfg = Release|Any CPU
		{BC22E23F-C3FF-42FA-AA33-4264219E3C43}.Release|x64.Build.0 = Release|Any CPU
		{BC22E23F-C3FF-42FA-AA33-4264219E3C43}.Release|x86.ActiveCfg = Release|Any CPU
		{BC22E23F-C3FF-42FA-AA33-4264219E3C43}.Release|x86.Build.0 = Release|Any CPU
		{2B877FB5-E5A3-4348-9E4F-1A60E9D6F1A0}.Debug|Any CPU.ActiveCfg = Debug|Any CPU
		{2B877FB5-E5A3-4348-9E4F-1A60E9D6F1A0}.Debug|Any CPU.Build.0 = Debug|Any CPU
		{2B877FB5-E5A3-4348-9E4F-1A60E9D6F1A0}.Debug|ARM.ActiveCfg = Debug|Any CPU
		{2B877FB5-E5A3-4348-9E4F-1A60E9D6F1A0}.Debug|ARM.Build.0 = Debug|Any CPU
		{2B877FB5-E5A3-4348-9E4F-1A60E9D6F1A0}.Debug|x64.ActiveCfg = Debug|Any CPU
		{2B877FB5-E5A3-4348-9E4F-1A60E9D6F1A0}.Debug|x64.Build.0 = Debug|Any CPU
		{2B877FB5-E5A3-4348-9E4F-1A60E9D6F1A0}.Debug|x86.ActiveCfg = Debug|Any CPU
		{2B877FB5-E5A3-4348-9E4F-1A60E9D6F1A0}.Debug|x86.Build.0 = Debug|Any CPU
		{2B877FB5-E5A3-4348-9E4F-1A60E9D6F1A0}.Release|Any CPU.ActiveCfg = Release|Any CPU
		{2B877FB5-E5A3-4348-9E4F-1A60E9D6F1A0}.Release|Any CPU.Build.0 = Release|Any CPU
		{2B877FB5-E5A3-4348-9E4F-1A60E9D6F1A0}.Release|ARM.ActiveCfg = Release|Any CPU
		{2B877FB5-E5A3-4348-9E4F-1A60E9D6F1A0}.Release|ARM.Build.0 = Release|Any CPU
		{2B877FB5-E5A3-4348-9E4F-1A60E9D6F1A0}.Release|x64.ActiveCfg = Release|Any CPU
		{2B877FB5-E5A3-4348-9E4F-1A60E9D6F1A0}.Release|x64.Build.0 = Release|Any CPU
		{2B877FB5-E5A3-4348-9E4F-1A60E9D6F1A0}.Release|x86.ActiveCfg = Release|Any CPU
		{2B877FB5-E5A3-4348-9E4F-1A60E9D6F1A0}.Release|x86.Build.0 = Release|Any CPU
		{71B54655-2C04-45A4-A050-3035FC49B372}.Debug|Any CPU.ActiveCfg = Debug|Any CPU
		{71B54655-2C04-45A4-A050-3035FC49B372}.Debug|Any CPU.Build.0 = Debug|Any CPU
		{71B54655-2C04-45A4-A050-3035FC49B372}.Debug|ARM.ActiveCfg = Debug|Any CPU
		{71B54655-2C04-45A4-A050-3035FC49B372}.Debug|ARM.Build.0 = Debug|Any CPU
		{71B54655-2C04-45A4-A050-3035FC49B372}.Debug|x64.ActiveCfg = Debug|Any CPU
		{71B54655-2C04-45A4-A050-3035FC49B372}.Debug|x64.Build.0 = Debug|Any CPU
		{71B54655-2C04-45A4-A050-3035FC49B372}.Debug|x86.ActiveCfg = Debug|Any CPU
		{71B54655-2C04-45A4-A050-3035FC49B372}.Debug|x86.Build.0 = Debug|Any CPU
		{71B54655-2C04-45A4-A050-3035FC49B372}.Release|Any CPU.ActiveCfg = Release|Any CPU
		{71B54655-2C04-45A4-A050-3035FC49B372}.Release|Any CPU.Build.0 = Release|Any CPU
		{71B54655-2C04-45A4-A050-3035FC49B372}.Release|ARM.ActiveCfg = Release|Any CPU
		{71B54655-2C04-45A4-A050-3035FC49B372}.Release|ARM.Build.0 = Release|Any CPU
		{71B54655-2C04-45A4-A050-3035FC49B372}.Release|x64.ActiveCfg = Release|Any CPU
		{71B54655-2C04-45A4-A050-3035FC49B372}.Release|x64.Build.0 = Release|Any CPU
		{71B54655-2C04-45A4-A050-3035FC49B372}.Release|x86.ActiveCfg = Release|Any CPU
		{71B54655-2C04-45A4-A050-3035FC49B372}.Release|x86.Build.0 = Release|Any CPU
	EndGlobalSection
	GlobalSection(SolutionProperties) = preSolution
		HideSolutionNode = FALSE
	EndGlobalSection
	GlobalSection(ExtensibilityGlobals) = postSolution
		SolutionGuid = {9E1C3CD2-5EB3-463D-A9B2-2325A00580B0}
	EndGlobalSection
EndGlobal
