
Microsoft Visual Studio Solution File, Format Version 12.00
# Visual Studio Version 16
VisualStudioVersion = 16.0.28407.52
MinimumVisualStudioVersion = 10.0.40219.1
Project("{FAE04EC0-301F-11D3-BF4B-00C04F79EFBC}") = "PostmanToMD", "PostmanToMD\PostmanToMD.csproj", "{C2DDCBC8-0C73-451A-BF2E-267DDCCC7E81}"
EndProject
Project("{9A19103F-16F7-4668-BE54-9A1E7A4F7556}") = "Test", "Test\Test.csproj", "{E80EDB4A-249D-4CFB-8F14-DC3AD588F1B1}"
EndProject
Project("{9A19103F-16F7-4668-BE54-9A1E7A4F7556}") = "ImageHelper", "ImageHelper\ImageHelper.csproj", "{2B877FB5-E5A3-4348-9E4F-1A60E9D6F1A0}"
EndProject
Project("{FAE04EC0-301F-11D3-BF4B-00C04F79EFBC}") = "授权码生成工具", "授权码生成工具\授权码生成工具.csproj", "{7F332E67-F22F-4C63-A5D7-B376E22FE28A}"
EndProject
Project("{9A19103F-16F7-4668-BE54-9A1E7A4F7556}") = "AutoLogin", "AutoLogin\AutoLogin.csproj", "{71B54655-2C04-45A4-A050-3035FC49B372}"
EndProject
Project("{FAE04EC0-301F-11D3-BF4B-00C04F79EFBC}") = "自动登录", "自动登录\自动登录.csproj", "{CA2BEF83-9864-4010-A613-D3FBB2BBAD1E}"
EndProject
Project("{9A19103F-16F7-4668-BE54-9A1E7A4F7556}") = "gitlab分析工具", "gitlab分析工具\gitlab分析工具.csproj", "{B53F8E29-9397-4A81-9E82-C55BC063515E}"
EndProject
Project("{FAE04EC0-301F-11D3-BF4B-00C04F79EFBC}") = "ngApi", "ngApi\ngApi.csproj", "{9F0154B7-C98C-4EC6-9E80-26B6F1F30BBA}"
EndProject
Global
	GlobalSection(SolutionConfigurationPlatforms) = preSolution
		CD_ROM|Any CPU = CD_ROM|Any CPU
		CD_ROM|ARM = CD_ROM|ARM
		CD_ROM|x64 = CD_ROM|x64
		CD_ROM|x86 = CD_ROM|x86
		Debug|Any CPU = Debug|Any CPU
		Debug|ARM = Debug|ARM
		Debug|x64 = Debug|x64
		Debug|x86 = Debug|x86
		DVD-5|Any CPU = DVD-5|Any CPU
		DVD-5|ARM = DVD-5|ARM
		DVD-5|x64 = DVD-5|x64
		DVD-5|x86 = DVD-5|x86
		Release|Any CPU = Release|Any CPU
		Release|ARM = Release|ARM
		Release|x64 = Release|x64
		Release|x86 = Release|x86
		SingleImage|Any CPU = SingleImage|Any CPU
		SingleImage|ARM = SingleImage|ARM
		SingleImage|x64 = SingleImage|x64
		SingleImage|x86 = SingleImage|x86
	EndGlobalSection
	GlobalSection(ProjectConfigurationPlatforms) = postSolution
		{C2DDCBC8-0C73-451A-BF2E-267DDCCC7E81}.CD_ROM|Any CPU.ActiveCfg = Release|Any CPU
		{C2DDCBC8-0C73-451A-BF2E-267DDCCC7E81}.CD_ROM|Any CPU.Build.0 = Release|Any CPU
		{C2DDCBC8-0C73-451A-BF2E-267DDCCC7E81}.CD_ROM|ARM.ActiveCfg = Release|Any CPU
		{C2DDCBC8-0C73-451A-BF2E-267DDCCC7E81}.CD_ROM|ARM.Build.0 = Release|Any CPU
		{C2DDCBC8-0C73-451A-BF2E-267DDCCC7E81}.CD_ROM|x64.ActiveCfg = Release|Any CPU
		{C2DDCBC8-0C73-451A-BF2E-267DDCCC7E81}.CD_ROM|x64.Build.0 = Release|Any CPU
		{C2DDCBC8-0C73-451A-BF2E-267DDCCC7E81}.CD_ROM|x86.ActiveCfg = Release|Any CPU
		{C2DDCBC8-0C73-451A-BF2E-267DDCCC7E81}.CD_ROM|x86.Build.0 = Release|Any CPU
		{C2DDCBC8-0C73-451A-BF2E-267DDCCC7E81}.Debug|Any CPU.ActiveCfg = Debug|Any CPU
		{C2DDCBC8-0C73-451A-BF2E-267DDCCC7E81}.Debug|Any CPU.Build.0 = Debug|Any CPU
		{C2DDCBC8-0C73-451A-BF2E-267DDCCC7E81}.Debug|ARM.ActiveCfg = Debug|Any CPU
		{C2DDCBC8-0C73-451A-BF2E-267DDCCC7E81}.Debug|ARM.Build.0 = Debug|Any CPU
		{C2DDCBC8-0C73-451A-BF2E-267DDCCC7E81}.Debug|x64.ActiveCfg = Debug|Any CPU
		{C2DDCBC8-0C73-451A-BF2E-267DDCCC7E81}.Debug|x64.Build.0 = Debug|Any CPU
		{C2DDCBC8-0C73-451A-BF2E-267DDCCC7E81}.Debug|x86.ActiveCfg = Debug|Any CPU
		{C2DDCBC8-0C73-451A-BF2E-267DDCCC7E81}.Debug|x86.Build.0 = Debug|Any CPU
		{C2DDCBC8-0C73-451A-BF2E-267DDCCC7E81}.DVD-5|Any CPU.ActiveCfg = Debug|Any CPU
		{C2DDCBC8-0C73-451A-BF2E-267DDCCC7E81}.DVD-5|Any CPU.Build.0 = Debug|Any CPU
		{C2DDCBC8-0C73-451A-BF2E-267DDCCC7E81}.DVD-5|ARM.ActiveCfg = Debug|Any CPU
		{C2DDCBC8-0C73-451A-BF2E-267DDCCC7E81}.DVD-5|ARM.Build.0 = Debug|Any CPU
		{C2DDCBC8-0C73-451A-BF2E-267DDCCC7E81}.DVD-5|x64.ActiveCfg = Debug|Any CPU
		{C2DDCBC8-0C73-451A-BF2E-267DDCCC7E81}.DVD-5|x64.Build.0 = Debug|Any CPU
		{C2DDCBC8-0C73-451A-BF2E-267DDCCC7E81}.DVD-5|x86.ActiveCfg = Debug|Any CPU
		{C2DDCBC8-0C73-451A-BF2E-267DDCCC7E81}.DVD-5|x86.Build.0 = Debug|Any CPU
		{C2DDCBC8-0C73-451A-BF2E-267DDCCC7E81}.Release|Any CPU.ActiveCfg = Release|Any CPU
		{C2DDCBC8-0C73-451A-BF2E-267DDCCC7E81}.Release|Any CPU.Build.0 = Release|Any CPU
		{C2DDCBC8-0C73-451A-BF2E-267DDCCC7E81}.Release|ARM.ActiveCfg = Release|Any CPU
		{C2DDCBC8-0C73-451A-BF2E-267DDCCC7E81}.Release|ARM.Build.0 = Release|Any CPU
		{C2DDCBC8-0C73-451A-BF2E-267DDCCC7E81}.Release|x64.ActiveCfg = Release|Any CPU
		{C2DDCBC8-0C73-451A-BF2E-267DDCCC7E81}.Release|x64.Build.0 = Release|Any CPU
		{C2DDCBC8-0C73-451A-BF2E-267DDCCC7E81}.Release|x86.ActiveCfg = Release|Any CPU
		{C2DDCBC8-0C73-451A-BF2E-267DDCCC7E81}.Release|x86.Build.0 = Release|Any CPU
		{C2DDCBC8-0C73-451A-BF2E-267DDCCC7E81}.SingleImage|Any CPU.ActiveCfg = Debug|Any CPU
		{C2DDCBC8-0C73-451A-BF2E-267DDCCC7E81}.SingleImage|Any CPU.Build.0 = Debug|Any CPU
		{C2DDCBC8-0C73-451A-BF2E-267DDCCC7E81}.SingleImage|ARM.ActiveCfg = Debug|Any CPU
		{C2DDCBC8-0C73-451A-BF2E-267DDCCC7E81}.SingleImage|ARM.Build.0 = Debug|Any CPU
		{C2DDCBC8-0C73-451A-BF2E-267DDCCC7E81}.SingleImage|x64.ActiveCfg = Debug|Any CPU
		{C2DDCBC8-0C73-451A-BF2E-267DDCCC7E81}.SingleImage|x64.Build.0 = Debug|Any CPU
		{C2DDCBC8-0C73-451A-BF2E-267DDCCC7E81}.SingleImage|x86.ActiveCfg = Debug|Any CPU
		{C2DDCBC8-0C73-451A-BF2E-267DDCCC7E81}.SingleImage|x86.Build.0 = Debug|Any CPU
		{E80EDB4A-249D-4CFB-8F14-DC3AD588F1B1}.CD_ROM|Any CPU.ActiveCfg = Release|Any CPU
		{E80EDB4A-249D-4CFB-8F14-DC3AD588F1B1}.CD_ROM|Any CPU.Build.0 = Release|Any CPU
		{E80EDB4A-249D-4CFB-8F14-DC3AD588F1B1}.CD_ROM|ARM.ActiveCfg = Release|Any CPU
		{E80EDB4A-249D-4CFB-8F14-DC3AD588F1B1}.CD_ROM|ARM.Build.0 = Release|Any CPU
		{E80EDB4A-249D-4CFB-8F14-DC3AD588F1B1}.CD_ROM|x64.ActiveCfg = Release|Any CPU
		{E80EDB4A-249D-4CFB-8F14-DC3AD588F1B1}.CD_ROM|x64.Build.0 = Release|Any CPU
		{E80EDB4A-249D-4CFB-8F14-DC3AD588F1B1}.CD_ROM|x86.ActiveCfg = Release|Any CPU
		{E80EDB4A-249D-4CFB-8F14-DC3AD588F1B1}.CD_ROM|x86.Build.0 = Release|Any CPU
		{E80EDB4A-249D-4CFB-8F14-DC3AD588F1B1}.Debug|Any CPU.ActiveCfg = Debug|Any CPU
		{E80EDB4A-249D-4CFB-8F14-DC3AD588F1B1}.Debug|Any CPU.Build.0 = Debug|Any CPU
		{E80EDB4A-249D-4CFB-8F14-DC3AD588F1B1}.Debug|ARM.ActiveCfg = Debug|Any CPU
		{E80EDB4A-249D-4CFB-8F14-DC3AD588F1B1}.Debug|ARM.Build.0 = Debug|Any CPU
		{E80EDB4A-249D-4CFB-8F14-DC3AD588F1B1}.Debug|x64.ActiveCfg = Debug|Any CPU
		{E80EDB4A-249D-4CFB-8F14-DC3AD588F1B1}.Debug|x64.Build.0 = Debug|Any CPU
		{E80EDB4A-249D-4CFB-8F14-DC3AD588F1B1}.Debug|x86.ActiveCfg = Debug|Any CPU
		{E80EDB4A-249D-4CFB-8F14-DC3AD588F1B1}.Debug|x86.Build.0 = Debug|Any CPU
		{E80EDB4A-249D-4CFB-8F14-DC3AD588F1B1}.DVD-5|Any CPU.ActiveCfg = Debug|Any CPU
		{E80EDB4A-249D-4CFB-8F14-DC3AD588F1B1}.DVD-5|Any CPU.Build.0 = Debug|Any CPU
		{E80EDB4A-249D-4CFB-8F14-DC3AD588F1B1}.DVD-5|ARM.ActiveCfg = Debug|Any CPU
		{E80EDB4A-249D-4CFB-8F14-DC3AD588F1B1}.DVD-5|ARM.Build.0 = Debug|Any CPU
		{E80EDB4A-249D-4CFB-8F14-DC3AD588F1B1}.DVD-5|x64.ActiveCfg = Debug|Any CPU
		{E80EDB4A-249D-4CFB-8F14-DC3AD588F1B1}.DVD-5|x64.Build.0 = Debug|Any CPU
		{E80EDB4A-249D-4CFB-8F14-DC3AD588F1B1}.DVD-5|x86.ActiveCfg = Debug|Any CPU
		{E80EDB4A-249D-4CFB-8F14-DC3AD588F1B1}.DVD-5|x86.Build.0 = Debug|Any CPU
		{E80EDB4A-249D-4CFB-8F14-DC3AD588F1B1}.Release|Any CPU.ActiveCfg = Release|Any CPU
		{E80EDB4A-249D-4CFB-8F14-DC3AD588F1B1}.Release|Any CPU.Build.0 = Release|Any CPU
		{E80EDB4A-249D-4CFB-8F14-DC3AD588F1B1}.Release|ARM.ActiveCfg = Release|Any CPU
		{E80EDB4A-249D-4CFB-8F14-DC3AD588F1B1}.Release|ARM.Build.0 = Release|Any CPU
		{E80EDB4A-249D-4CFB-8F14-DC3AD588F1B1}.Release|x64.ActiveCfg = Release|Any CPU
		{E80EDB4A-249D-4CFB-8F14-DC3AD588F1B1}.Release|x64.Build.0 = Release|Any CPU
		{E80EDB4A-249D-4CFB-8F14-DC3AD588F1B1}.Release|x86.ActiveCfg = Release|Any CPU
		{E80EDB4A-249D-4CFB-8F14-DC3AD588F1B1}.Release|x86.Build.0 = Release|Any CPU
		{E80EDB4A-249D-4CFB-8F14-DC3AD588F1B1}.SingleImage|Any CPU.ActiveCfg = Release|Any CPU
		{E80EDB4A-249D-4CFB-8F14-DC3AD588F1B1}.SingleImage|Any CPU.Build.0 = Release|Any CPU
		{E80EDB4A-249D-4CFB-8F14-DC3AD588F1B1}.SingleImage|ARM.ActiveCfg = Release|Any CPU
		{E80EDB4A-249D-4CFB-8F14-DC3AD588F1B1}.SingleImage|ARM.Build.0 = Release|Any CPU
		{E80EDB4A-249D-4CFB-8F14-DC3AD588F1B1}.SingleImage|x64.ActiveCfg = Release|Any CPU
		{E80EDB4A-249D-4CFB-8F14-DC3AD588F1B1}.SingleImage|x64.Build.0 = Release|Any CPU
		{E80EDB4A-249D-4CFB-8F14-DC3AD588F1B1}.SingleImage|x86.ActiveCfg = Release|Any CPU
		{E80EDB4A-249D-4CFB-8F14-DC3AD588F1B1}.SingleImage|x86.Build.0 = Release|Any CPU
		{2B877FB5-E5A3-4348-9E4F-1A60E9D6F1A0}.CD_ROM|Any CPU.ActiveCfg = Release|Any CPU
		{2B877FB5-E5A3-4348-9E4F-1A60E9D6F1A0}.CD_ROM|Any CPU.Build.0 = Release|Any CPU
		{2B877FB5-E5A3-4348-9E4F-1A60E9D6F1A0}.CD_ROM|ARM.ActiveCfg = Release|Any CPU
		{2B877FB5-E5A3-4348-9E4F-1A60E9D6F1A0}.CD_ROM|ARM.Build.0 = Release|Any CPU
		{2B877FB5-E5A3-4348-9E4F-1A60E9D6F1A0}.CD_ROM|x64.ActiveCfg = Release|Any CPU
		{2B877FB5-E5A3-4348-9E4F-1A60E9D6F1A0}.CD_ROM|x64.Build.0 = Release|Any CPU
		{2B877FB5-E5A3-4348-9E4F-1A60E9D6F1A0}.CD_ROM|x86.ActiveCfg = Release|Any CPU
		{2B877FB5-E5A3-4348-9E4F-1A60E9D6F1A0}.CD_ROM|x86.Build.0 = Release|Any CPU
		{2B877FB5-E5A3-4348-9E4F-1A60E9D6F1A0}.Debug|Any CPU.ActiveCfg = Debug|Any CPU
		{2B877FB5-E5A3-4348-9E4F-1A60E9D6F1A0}.Debug|Any CPU.Build.0 = Debug|Any CPU
		{2B877FB5-E5A3-4348-9E4F-1A60E9D6F1A0}.Debug|ARM.ActiveCfg = Debug|Any CPU
		{2B877FB5-E5A3-4348-9E4F-1A60E9D6F1A0}.Debug|ARM.Build.0 = Debug|Any CPU
		{2B877FB5-E5A3-4348-9E4F-1A60E9D6F1A0}.Debug|x64.ActiveCfg = Debug|Any CPU
		{2B877FB5-E5A3-4348-9E4F-1A60E9D6F1A0}.Debug|x64.Build.0 = Debug|Any CPU
		{2B877FB5-E5A3-4348-9E4F-1A60E9D6F1A0}.Debug|x86.ActiveCfg = Debug|Any CPU
		{2B877FB5-E5A3-4348-9E4F-1A60E9D6F1A0}.Debug|x86.Build.0 = Debug|Any CPU
		{2B877FB5-E5A3-4348-9E4F-1A60E9D6F1A0}.DVD-5|Any CPU.ActiveCfg = Debug|Any CPU
		{2B877FB5-E5A3-4348-9E4F-1A60E9D6F1A0}.DVD-5|Any CPU.Build.0 = Debug|Any CPU
		{2B877FB5-E5A3-4348-9E4F-1A60E9D6F1A0}.DVD-5|ARM.ActiveCfg = Debug|Any CPU
		{2B877FB5-E5A3-4348-9E4F-1A60E9D6F1A0}.DVD-5|ARM.Build.0 = Debug|Any CPU
		{2B877FB5-E5A3-4348-9E4F-1A60E9D6F1A0}.DVD-5|x64.ActiveCfg = Debug|Any CPU
		{2B877FB5-E5A3-4348-9E4F-1A60E9D6F1A0}.DVD-5|x64.Build.0 = Debug|Any CPU
		{2B877FB5-E5A3-4348-9E4F-1A60E9D6F1A0}.DVD-5|x86.ActiveCfg = Debug|Any CPU
		{2B877FB5-E5A3-4348-9E4F-1A60E9D6F1A0}.DVD-5|x86.Build.0 = Debug|Any CPU
		{2B877FB5-E5A3-4348-9E4F-1A60E9D6F1A0}.Release|Any CPU.ActiveCfg = Release|Any CPU
		{2B877FB5-E5A3-4348-9E4F-1A60E9D6F1A0}.Release|Any CPU.Build.0 = Release|Any CPU
		{2B877FB5-E5A3-4348-9E4F-1A60E9D6F1A0}.Release|ARM.ActiveCfg = Release|Any CPU
		{2B877FB5-E5A3-4348-9E4F-1A60E9D6F1A0}.Release|ARM.Build.0 = Release|Any CPU
		{2B877FB5-E5A3-4348-9E4F-1A60E9D6F1A0}.Release|x64.ActiveCfg = Release|Any CPU
		{2B877FB5-E5A3-4348-9E4F-1A60E9D6F1A0}.Release|x64.Build.0 = Release|Any CPU
		{2B877FB5-E5A3-4348-9E4F-1A60E9D6F1A0}.Release|x86.ActiveCfg = Release|Any CPU
		{2B877FB5-E5A3-4348-9E4F-1A60E9D6F1A0}.Release|x86.Build.0 = Release|Any CPU
		{2B877FB5-E5A3-4348-9E4F-1A60E9D6F1A0}.SingleImage|Any CPU.ActiveCfg = Release|Any CPU
		{2B877FB5-E5A3-4348-9E4F-1A60E9D6F1A0}.SingleImage|Any CPU.Build.0 = Release|Any CPU
		{2B877FB5-E5A3-4348-9E4F-1A60E9D6F1A0}.SingleImage|ARM.ActiveCfg = Release|Any CPU
		{2B877FB5-E5A3-4348-9E4F-1A60E9D6F1A0}.SingleImage|ARM.Build.0 = Release|Any CPU
		{2B877FB5-E5A3-4348-9E4F-1A60E9D6F1A0}.SingleImage|x64.ActiveCfg = Release|Any CPU
		{2B877FB5-E5A3-4348-9E4F-1A60E9D6F1A0}.SingleImage|x64.Build.0 = Release|Any CPU
		{2B877FB5-E5A3-4348-9E4F-1A60E9D6F1A0}.SingleImage|x86.ActiveCfg = Release|Any CPU
		{2B877FB5-E5A3-4348-9E4F-1A60E9D6F1A0}.SingleImage|x86.Build.0 = Release|Any CPU
		{7F332E67-F22F-4C63-A5D7-B376E22FE28A}.CD_ROM|Any CPU.ActiveCfg = Release|Any CPU
		{7F332E67-F22F-4C63-A5D7-B376E22FE28A}.CD_ROM|Any CPU.Build.0 = Release|Any CPU
		{7F332E67-F22F-4C63-A5D7-B376E22FE28A}.CD_ROM|ARM.ActiveCfg = Release|Any CPU
		{7F332E67-F22F-4C63-A5D7-B376E22FE28A}.CD_ROM|ARM.Build.0 = Release|Any CPU
		{7F332E67-F22F-4C63-A5D7-B376E22FE28A}.CD_ROM|x64.ActiveCfg = Release|Any CPU
		{7F332E67-F22F-4C63-A5D7-B376E22FE28A}.CD_ROM|x64.Build.0 = Release|Any CPU
		{7F332E67-F22F-4C63-A5D7-B376E22FE28A}.CD_ROM|x86.ActiveCfg = Release|Any CPU
		{7F332E67-F22F-4C63-A5D7-B376E22FE28A}.CD_ROM|x86.Build.0 = Release|Any CPU
		{7F332E67-F22F-4C63-A5D7-B376E22FE28A}.Debug|Any CPU.ActiveCfg = Debug|Any CPU
		{7F332E67-F22F-4C63-A5D7-B376E22FE28A}.Debug|Any CPU.Build.0 = Debug|Any CPU
		{7F332E67-F22F-4C63-A5D7-B376E22FE28A}.Debug|ARM.ActiveCfg = Debug|Any CPU
		{7F332E67-F22F-4C63-A5D7-B376E22FE28A}.Debug|ARM.Build.0 = Debug|Any CPU
		{7F332E67-F22F-4C63-A5D7-B376E22FE28A}.Debug|x64.ActiveCfg = Debug|Any CPU
		{7F332E67-F22F-4C63-A5D7-B376E22FE28A}.Debug|x64.Build.0 = Debug|Any CPU
		{7F332E67-F22F-4C63-A5D7-B376E22FE28A}.Debug|x86.ActiveCfg = Debug|Any CPU
		{7F332E67-F22F-4C63-A5D7-B376E22FE28A}.Debug|x86.Build.0 = Debug|Any CPU
		{7F332E67-F22F-4C63-A5D7-B376E22FE28A}.DVD-5|Any CPU.ActiveCfg = Debug|Any CPU
		{7F332E67-F22F-4C63-A5D7-B376E22FE28A}.DVD-5|Any CPU.Build.0 = Debug|Any CPU
		{7F332E67-F22F-4C63-A5D7-B376E22FE28A}.DVD-5|ARM.ActiveCfg = Debug|Any CPU
		{7F332E67-F22F-4C63-A5D7-B376E22FE28A}.DVD-5|ARM.Build.0 = Debug|Any CPU
		{7F332E67-F22F-4C63-A5D7-B376E22FE28A}.DVD-5|x64.ActiveCfg = Debug|Any CPU
		{7F332E67-F22F-4C63-A5D7-B376E22FE28A}.DVD-5|x64.Build.0 = Debug|Any CPU
		{7F332E67-F22F-4C63-A5D7-B376E22FE28A}.DVD-5|x86.ActiveCfg = Debug|Any CPU
		{7F332E67-F22F-4C63-A5D7-B376E22FE28A}.DVD-5|x86.Build.0 = Debug|Any CPU
		{7F332E67-F22F-4C63-A5D7-B376E22FE28A}.Release|Any CPU.ActiveCfg = Release|Any CPU
		{7F332E67-F22F-4C63-A5D7-B376E22FE28A}.Release|Any CPU.Build.0 = Release|Any CPU
		{7F332E67-F22F-4C63-A5D7-B376E22FE28A}.Release|ARM.ActiveCfg = Release|Any CPU
		{7F332E67-F22F-4C63-A5D7-B376E22FE28A}.Release|ARM.Build.0 = Release|Any CPU
		{7F332E67-F22F-4C63-A5D7-B376E22FE28A}.Release|x64.ActiveCfg = Release|Any CPU
		{7F332E67-F22F-4C63-A5D7-B376E22FE28A}.Release|x64.Build.0 = Release|Any CPU
		{7F332E67-F22F-4C63-A5D7-B376E22FE28A}.Release|x86.ActiveCfg = Release|Any CPU
		{7F332E67-F22F-4C63-A5D7-B376E22FE28A}.Release|x86.Build.0 = Release|Any CPU
		{7F332E67-F22F-4C63-A5D7-B376E22FE28A}.SingleImage|Any CPU.ActiveCfg = Release|Any CPU
		{7F332E67-F22F-4C63-A5D7-B376E22FE28A}.SingleImage|Any CPU.Build.0 = Release|Any CPU
		{7F332E67-F22F-4C63-A5D7-B376E22FE28A}.SingleImage|ARM.ActiveCfg = Release|Any CPU
		{7F332E67-F22F-4C63-A5D7-B376E22FE28A}.SingleImage|ARM.Build.0 = Release|Any CPU
		{7F332E67-F22F-4C63-A5D7-B376E22FE28A}.SingleImage|x64.ActiveCfg = Release|Any CPU
		{7F332E67-F22F-4C63-A5D7-B376E22FE28A}.SingleImage|x64.Build.0 = Release|Any CPU
		{7F332E67-F22F-4C63-A5D7-B376E22FE28A}.SingleImage|x86.ActiveCfg = Release|Any CPU
		{7F332E67-F22F-4C63-A5D7-B376E22FE28A}.SingleImage|x86.Build.0 = Release|Any CPU
		{71B54655-2C04-45A4-A050-3035FC49B372}.CD_ROM|Any CPU.ActiveCfg = Release|Any CPU
		{71B54655-2C04-45A4-A050-3035FC49B372}.CD_ROM|Any CPU.Build.0 = Release|Any CPU
		{71B54655-2C04-45A4-A050-3035FC49B372}.CD_ROM|ARM.ActiveCfg = Release|Any CPU
		{71B54655-2C04-45A4-A050-3035FC49B372}.CD_ROM|ARM.Build.0 = Release|Any CPU
		{71B54655-2C04-45A4-A050-3035FC49B372}.CD_ROM|x64.ActiveCfg = Release|Any CPU
		{71B54655-2C04-45A4-A050-3035FC49B372}.CD_ROM|x64.Build.0 = Release|Any CPU
		{71B54655-2C04-45A4-A050-3035FC49B372}.CD_ROM|x86.ActiveCfg = Release|Any CPU
		{71B54655-2C04-45A4-A050-3035FC49B372}.CD_ROM|x86.Build.0 = Release|Any CPU
		{71B54655-2C04-45A4-A050-3035FC49B372}.Debug|Any CPU.ActiveCfg = Debug|Any CPU
		{71B54655-2C04-45A4-A050-3035FC49B372}.Debug|Any CPU.Build.0 = Debug|Any CPU
		{71B54655-2C04-45A4-A050-3035FC49B372}.Debug|ARM.ActiveCfg = Debug|Any CPU
		{71B54655-2C04-45A4-A050-3035FC49B372}.Debug|ARM.Build.0 = Debug|Any CPU
		{71B54655-2C04-45A4-A050-3035FC49B372}.Debug|x64.ActiveCfg = Debug|Any CPU
		{71B54655-2C04-45A4-A050-3035FC49B372}.Debug|x64.Build.0 = Debug|Any CPU
		{71B54655-2C04-45A4-A050-3035FC49B372}.Debug|x86.ActiveCfg = Debug|Any CPU
		{71B54655-2C04-45A4-A050-3035FC49B372}.Debug|x86.Build.0 = Debug|Any CPU
		{71B54655-2C04-45A4-A050-3035FC49B372}.DVD-5|Any CPU.ActiveCfg = Debug|Any CPU
		{71B54655-2C04-45A4-A050-3035FC49B372}.DVD-5|Any CPU.Build.0 = Debug|Any CPU
		{71B54655-2C04-45A4-A050-3035FC49B372}.DVD-5|ARM.ActiveCfg = Debug|Any CPU
		{71B54655-2C04-45A4-A050-3035FC49B372}.DVD-5|ARM.Build.0 = Debug|Any CPU
		{71B54655-2C04-45A4-A050-3035FC49B372}.DVD-5|x64.ActiveCfg = Debug|Any CPU
		{71B54655-2C04-45A4-A050-3035FC49B372}.DVD-5|x64.Build.0 = Debug|Any CPU
		{71B54655-2C04-45A4-A050-3035FC49B372}.DVD-5|x86.ActiveCfg = Debug|Any CPU
		{71B54655-2C04-45A4-A050-3035FC49B372}.DVD-5|x86.Build.0 = Debug|Any CPU
		{71B54655-2C04-45A4-A050-3035FC49B372}.Release|Any CPU.ActiveCfg = Release|Any CPU
		{71B54655-2C04-45A4-A050-3035FC49B372}.Release|Any CPU.Build.0 = Release|Any CPU
		{71B54655-2C04-45A4-A050-3035FC49B372}.Release|ARM.ActiveCfg = Release|Any CPU
		{71B54655-2C04-45A4-A050-3035FC49B372}.Release|ARM.Build.0 = Release|Any CPU
		{71B54655-2C04-45A4-A050-3035FC49B372}.Release|x64.ActiveCfg = Release|Any CPU
		{71B54655-2C04-45A4-A050-3035FC49B372}.Release|x64.Build.0 = Release|Any CPU
		{71B54655-2C04-45A4-A050-3035FC49B372}.Release|x86.ActiveCfg = Release|Any CPU
		{71B54655-2C04-45A4-A050-3035FC49B372}.Release|x86.Build.0 = Release|Any CPU
		{71B54655-2C04-45A4-A050-3035FC49B372}.SingleImage|Any CPU.ActiveCfg = Release|Any CPU
		{71B54655-2C04-45A4-A050-3035FC49B372}.SingleImage|Any CPU.Build.0 = Release|Any CPU
		{71B54655-2C04-45A4-A050-3035FC49B372}.SingleImage|ARM.ActiveCfg = Release|Any CPU
		{71B54655-2C04-45A4-A050-3035FC49B372}.SingleImage|ARM.Build.0 = Release|Any CPU
		{71B54655-2C04-45A4-A050-3035FC49B372}.SingleImage|x64.ActiveCfg = Release|Any CPU
		{71B54655-2C04-45A4-A050-3035FC49B372}.SingleImage|x64.Build.0 = Release|Any CPU
		{71B54655-2C04-45A4-A050-3035FC49B372}.SingleImage|x86.ActiveCfg = Release|Any CPU
		{71B54655-2C04-45A4-A050-3035FC49B372}.SingleImage|x86.Build.0 = Release|Any CPU
		{CA2BEF83-9864-4010-A613-D3FBB2BBAD1E}.CD_ROM|Any CPU.ActiveCfg = Release|Any CPU
		{CA2BEF83-9864-4010-A613-D3FBB2BBAD1E}.CD_ROM|Any CPU.Build.0 = Release|Any CPU
		{CA2BEF83-9864-4010-A613-D3FBB2BBAD1E}.CD_ROM|ARM.ActiveCfg = Release|Any CPU
		{CA2BEF83-9864-4010-A613-D3FBB2BBAD1E}.CD_ROM|ARM.Build.0 = Release|Any CPU
		{CA2BEF83-9864-4010-A613-D3FBB2BBAD1E}.CD_ROM|x64.ActiveCfg = Release|Any CPU
		{CA2BEF83-9864-4010-A613-D3FBB2BBAD1E}.CD_ROM|x64.Build.0 = Release|Any CPU
		{CA2BEF83-9864-4010-A613-D3FBB2BBAD1E}.CD_ROM|x86.ActiveCfg = Release|Any CPU
		{CA2BEF83-9864-4010-A613-D3FBB2BBAD1E}.CD_ROM|x86.Build.0 = Release|Any CPU
		{CA2BEF83-9864-4010-A613-D3FBB2BBAD1E}.Debug|Any CPU.ActiveCfg = Debug|Any CPU
		{CA2BEF83-9864-4010-A613-D3FBB2BBAD1E}.Debug|Any CPU.Build.0 = Debug|Any CPU
		{CA2BEF83-9864-4010-A613-D3FBB2BBAD1E}.Debug|ARM.ActiveCfg = Debug|Any CPU
		{CA2BEF83-9864-4010-A613-D3FBB2BBAD1E}.Debug|ARM.Build.0 = Debug|Any CPU
		{CA2BEF83-9864-4010-A613-D3FBB2BBAD1E}.Debug|x64.ActiveCfg = Debug|Any CPU
		{CA2BEF83-9864-4010-A613-D3FBB2BBAD1E}.Debug|x64.Build.0 = Debug|Any CPU
		{CA2BEF83-9864-4010-A613-D3FBB2BBAD1E}.Debug|x86.ActiveCfg = Debug|Any CPU
		{CA2BEF83-9864-4010-A613-D3FBB2BBAD1E}.Debug|x86.Build.0 = Debug|Any CPU
		{CA2BEF83-9864-4010-A613-D3FBB2BBAD1E}.DVD-5|Any CPU.ActiveCfg = Debug|Any CPU
		{CA2BEF83-9864-4010-A613-D3FBB2BBAD1E}.DVD-5|Any CPU.Build.0 = Debug|Any CPU
		{CA2BEF83-9864-4010-A613-D3FBB2BBAD1E}.DVD-5|ARM.ActiveCfg = Debug|Any CPU
		{CA2BEF83-9864-4010-A613-D3FBB2BBAD1E}.DVD-5|ARM.Build.0 = Debug|Any CPU
		{CA2BEF83-9864-4010-A613-D3FBB2BBAD1E}.DVD-5|x64.ActiveCfg = Debug|Any CPU
		{CA2BEF83-9864-4010-A613-D3FBB2BBAD1E}.DVD-5|x64.Build.0 = Debug|Any CPU
		{CA2BEF83-9864-4010-A613-D3FBB2BBAD1E}.DVD-5|x86.ActiveCfg = Debug|Any CPU
		{CA2BEF83-9864-4010-A613-D3FBB2BBAD1E}.DVD-5|x86.Build.0 = Debug|Any CPU
		{CA2BEF83-9864-4010-A613-D3FBB2BBAD1E}.Release|Any CPU.ActiveCfg = Release|Any CPU
		{CA2BEF83-9864-4010-A613-D3FBB2BBAD1E}.Release|Any CPU.Build.0 = Release|Any CPU
		{CA2BEF83-9864-4010-A613-D3FBB2BBAD1E}.Release|ARM.ActiveCfg = Release|Any CPU
		{CA2BEF83-9864-4010-A613-D3FBB2BBAD1E}.Release|ARM.Build.0 = Release|Any CPU
		{CA2BEF83-9864-4010-A613-D3FBB2BBAD1E}.Release|x64.ActiveCfg = Release|Any CPU
		{CA2BEF83-9864-4010-A613-D3FBB2BBAD1E}.Release|x64.Build.0 = Release|Any CPU
		{CA2BEF83-9864-4010-A613-D3FBB2BBAD1E}.Release|x86.ActiveCfg = Release|Any CPU
		{CA2BEF83-9864-4010-A613-D3FBB2BBAD1E}.Release|x86.Build.0 = Release|Any CPU
		{CA2BEF83-9864-4010-A613-D3FBB2BBAD1E}.SingleImage|Any CPU.ActiveCfg = Release|Any CPU
		{CA2BEF83-9864-4010-A613-D3FBB2BBAD1E}.SingleImage|Any CPU.Build.0 = Release|Any CPU
		{CA2BEF83-9864-4010-A613-D3FBB2BBAD1E}.SingleImage|ARM.ActiveCfg = Release|Any CPU
		{CA2BEF83-9864-4010-A613-D3FBB2BBAD1E}.SingleImage|ARM.Build.0 = Release|Any CPU
		{CA2BEF83-9864-4010-A613-D3FBB2BBAD1E}.SingleImage|x64.ActiveCfg = Release|Any CPU
		{CA2BEF83-9864-4010-A613-D3FBB2BBAD1E}.SingleImage|x64.Build.0 = Release|Any CPU
		{CA2BEF83-9864-4010-A613-D3FBB2BBAD1E}.SingleImage|x86.ActiveCfg = Release|Any CPU
		{CA2BEF83-9864-4010-A613-D3FBB2BBAD1E}.SingleImage|x86.Build.0 = Release|Any CPU
		{B53F8E29-9397-4A81-9E82-C55BC063515E}.CD_ROM|Any CPU.ActiveCfg = Debug|Any CPU
		{B53F8E29-9397-4A81-9E82-C55BC063515E}.CD_ROM|Any CPU.Build.0 = Debug|Any CPU
		{B53F8E29-9397-4A81-9E82-C55BC063515E}.CD_ROM|ARM.ActiveCfg = Debug|Any CPU
		{B53F8E29-9397-4A81-9E82-C55BC063515E}.CD_ROM|ARM.Build.0 = Debug|Any CPU
		{B53F8E29-9397-4A81-9E82-C55BC063515E}.CD_ROM|x64.ActiveCfg = Debug|Any CPU
		{B53F8E29-9397-4A81-9E82-C55BC063515E}.CD_ROM|x64.Build.0 = Debug|Any CPU
		{B53F8E29-9397-4A81-9E82-C55BC063515E}.CD_ROM|x86.ActiveCfg = Debug|Any CPU
		{B53F8E29-9397-4A81-9E82-C55BC063515E}.CD_ROM|x86.Build.0 = Debug|Any CPU
		{B53F8E29-9397-4A81-9E82-C55BC063515E}.Debug|Any CPU.ActiveCfg = Debug|Any CPU
		{B53F8E29-9397-4A81-9E82-C55BC063515E}.Debug|Any CPU.Build.0 = Debug|Any CPU
		{B53F8E29-9397-4A81-9E82-C55BC063515E}.Debug|ARM.ActiveCfg = Debug|Any CPU
		{B53F8E29-9397-4A81-9E82-C55BC063515E}.Debug|ARM.Build.0 = Debug|Any CPU
		{B53F8E29-9397-4A81-9E82-C55BC063515E}.Debug|x64.ActiveCfg = Debug|Any CPU
		{B53F8E29-9397-4A81-9E82-C55BC063515E}.Debug|x64.Build.0 = Debug|Any CPU
		{B53F8E29-9397-4A81-9E82-C55BC063515E}.Debug|x86.ActiveCfg = Debug|Any CPU
		{B53F8E29-9397-4A81-9E82-C55BC063515E}.Debug|x86.Build.0 = Debug|Any CPU
		{B53F8E29-9397-4A81-9E82-C55BC063515E}.DVD-5|Any CPU.ActiveCfg = Debug|Any CPU
		{B53F8E29-9397-4A81-9E82-C55BC063515E}.DVD-5|Any CPU.Build.0 = Debug|Any CPU
		{B53F8E29-9397-4A81-9E82-C55BC063515E}.DVD-5|ARM.ActiveCfg = Debug|Any CPU
		{B53F8E29-9397-4A81-9E82-C55BC063515E}.DVD-5|ARM.Build.0 = Debug|Any CPU
		{B53F8E29-9397-4A81-9E82-C55BC063515E}.DVD-5|x64.ActiveCfg = Debug|Any CPU
		{B53F8E29-9397-4A81-9E82-C55BC063515E}.DVD-5|x64.Build.0 = Debug|Any CPU
		{B53F8E29-9397-4A81-9E82-C55BC063515E}.DVD-5|x86.ActiveCfg = Debug|Any CPU
		{B53F8E29-9397-4A81-9E82-C55BC063515E}.DVD-5|x86.Build.0 = Debug|Any CPU
		{B53F8E29-9397-4A81-9E82-C55BC063515E}.Release|Any CPU.ActiveCfg = Release|Any CPU
		{B53F8E29-9397-4A81-9E82-C55BC063515E}.Release|Any CPU.Build.0 = Release|Any CPU
		{B53F8E29-9397-4A81-9E82-C55BC063515E}.Release|ARM.ActiveCfg = Release|Any CPU
		{B53F8E29-9397-4A81-9E82-C55BC063515E}.Release|ARM.Build.0 = Release|Any CPU
		{B53F8E29-9397-4A81-9E82-C55BC063515E}.Release|x64.ActiveCfg = Release|Any CPU
		{B53F8E29-9397-4A81-9E82-C55BC063515E}.Release|x64.Build.0 = Release|Any CPU
		{B53F8E29-9397-4A81-9E82-C55BC063515E}.Release|x86.ActiveCfg = Release|Any CPU
		{B53F8E29-9397-4A81-9E82-C55BC063515E}.Release|x86.Build.0 = Release|Any CPU
		{B53F8E29-9397-4A81-9E82-C55BC063515E}.SingleImage|Any CPU.ActiveCfg = Debug|Any CPU
		{B53F8E29-9397-4A81-9E82-C55BC063515E}.SingleImage|Any CPU.Build.0 = Debug|Any CPU
		{B53F8E29-9397-4A81-9E82-C55BC063515E}.SingleImage|ARM.ActiveCfg = Debug|Any CPU
		{B53F8E29-9397-4A81-9E82-C55BC063515E}.SingleImage|ARM.Build.0 = Debug|Any CPU
		{B53F8E29-9397-4A81-9E82-C55BC063515E}.SingleImage|x64.ActiveCfg = Debug|Any CPU
		{B53F8E29-9397-4A81-9E82-C55BC063515E}.SingleImage|x64.Build.0 = Debug|Any CPU
		{B53F8E29-9397-4A81-9E82-C55BC063515E}.SingleImage|x86.ActiveCfg = Debug|Any CPU
		{B53F8E29-9397-4A81-9E82-C55BC063515E}.SingleImage|x86.Build.0 = Debug|Any CPU
		{9F0154B7-C98C-4EC6-9E80-26B6F1F30BBA}.CD_ROM|Any CPU.ActiveCfg = Debug|Any CPU
		{9F0154B7-C98C-4EC6-9E80-26B6F1F30BBA}.CD_ROM|Any CPU.Build.0 = Debug|Any CPU
		{9F0154B7-C98C-4EC6-9E80-26B6F1F30BBA}.CD_ROM|ARM.ActiveCfg = Debug|Any CPU
		{9F0154B7-C98C-4EC6-9E80-26B6F1F30BBA}.CD_ROM|ARM.Build.0 = Debug|Any CPU
		{9F0154B7-C98C-4EC6-9E80-26B6F1F30BBA}.CD_ROM|x64.ActiveCfg = Debug|Any CPU
		{9F0154B7-C98C-4EC6-9E80-26B6F1F30BBA}.CD_ROM|x64.Build.0 = Debug|Any CPU
		{9F0154B7-C98C-4EC6-9E80-26B6F1F30BBA}.CD_ROM|x86.ActiveCfg = Debug|Any CPU
		{9F0154B7-C98C-4EC6-9E80-26B6F1F30BBA}.CD_ROM|x86.Build.0 = Debug|Any CPU
		{9F0154B7-C98C-4EC6-9E80-26B6F1F30BBA}.Debug|Any CPU.ActiveCfg = Debug|Any CPU
		{9F0154B7-C98C-4EC6-9E80-26B6F1F30BBA}.Debug|Any CPU.Build.0 = Debug|Any CPU
		{9F0154B7-C98C-4EC6-9E80-26B6F1F30BBA}.Debug|ARM.ActiveCfg = Debug|Any CPU
		{9F0154B7-C98C-4EC6-9E80-26B6F1F30BBA}.Debug|ARM.Build.0 = Debug|Any CPU
		{9F0154B7-C98C-4EC6-9E80-26B6F1F30BBA}.Debug|x64.ActiveCfg = Debug|Any CPU
		{9F0154B7-C98C-4EC6-9E80-26B6F1F30BBA}.Debug|x64.Build.0 = Debug|Any CPU
		{9F0154B7-C98C-4EC6-9E80-26B6F1F30BBA}.Debug|x86.ActiveCfg = Debug|Any CPU
		{9F0154B7-C98C-4EC6-9E80-26B6F1F30BBA}.Debug|x86.Build.0 = Debug|Any CPU
		{9F0154B7-C98C-4EC6-9E80-26B6F1F30BBA}.DVD-5|Any CPU.ActiveCfg = Debug|Any CPU
		{9F0154B7-C98C-4EC6-9E80-26B6F1F30BBA}.DVD-5|Any CPU.Build.0 = Debug|Any CPU
		{9F0154B7-C98C-4EC6-9E80-26B6F1F30BBA}.DVD-5|ARM.ActiveCfg = Debug|Any CPU
		{9F0154B7-C98C-4EC6-9E80-26B6F1F30BBA}.DVD-5|ARM.Build.0 = Debug|Any CPU
		{9F0154B7-C98C-4EC6-9E80-26B6F1F30BBA}.DVD-5|x64.ActiveCfg = Debug|Any CPU
		{9F0154B7-C98C-4EC6-9E80-26B6F1F30BBA}.DVD-5|x64.Build.0 = Debug|Any CPU
		{9F0154B7-C98C-4EC6-9E80-26B6F1F30BBA}.DVD-5|x86.ActiveCfg = Debug|Any CPU
		{9F0154B7-C98C-4EC6-9E80-26B6F1F30BBA}.DVD-5|x86.Build.0 = Debug|Any CPU
		{9F0154B7-C98C-4EC6-9E80-26B6F1F30BBA}.Release|Any CPU.ActiveCfg = Release|Any CPU
		{9F0154B7-C98C-4EC6-9E80-26B6F1F30BBA}.Release|Any CPU.Build.0 = Release|Any CPU
		{9F0154B7-C98C-4EC6-9E80-26B6F1F30BBA}.Release|ARM.ActiveCfg = Release|Any CPU
		{9F0154B7-C98C-4EC6-9E80-26B6F1F30BBA}.Release|ARM.Build.0 = Release|Any CPU
		{9F0154B7-C98C-4EC6-9E80-26B6F1F30BBA}.Release|x64.ActiveCfg = Release|Any CPU
		{9F0154B7-C98C-4EC6-9E80-26B6F1F30BBA}.Release|x64.Build.0 = Release|Any CPU
		{9F0154B7-C98C-4EC6-9E80-26B6F1F30BBA}.Release|x86.ActiveCfg = Release|Any CPU
		{9F0154B7-C98C-4EC6-9E80-26B6F1F30BBA}.Release|x86.Build.0 = Release|Any CPU
		{9F0154B7-C98C-4EC6-9E80-26B6F1F30BBA}.SingleImage|Any CPU.ActiveCfg = Debug|Any CPU
		{9F0154B7-C98C-4EC6-9E80-26B6F1F30BBA}.SingleImage|Any CPU.Build.0 = Debug|Any CPU
		{9F0154B7-C98C-4EC6-9E80-26B6F1F30BBA}.SingleImage|ARM.ActiveCfg = Debug|Any CPU
		{9F0154B7-C98C-4EC6-9E80-26B6F1F30BBA}.SingleImage|ARM.Build.0 = Debug|Any CPU
		{9F0154B7-C98C-4EC6-9E80-26B6F1F30BBA}.SingleImage|x64.ActiveCfg = Debug|Any CPU
		{9F0154B7-C98C-4EC6-9E80-26B6F1F30BBA}.SingleImage|x64.Build.0 = Debug|Any CPU
		{9F0154B7-C98C-4EC6-9E80-26B6F1F30BBA}.SingleImage|x86.ActiveCfg = Debug|Any CPU
		{9F0154B7-C98C-4EC6-9E80-26B6F1F30BBA}.SingleImage|x86.Build.0 = Debug|Any CPU
	EndGlobalSection
	GlobalSection(SolutionProperties) = preSolution
		HideSolutionNode = FALSE
	EndGlobalSection
	GlobalSection(ExtensibilityGlobals) = postSolution
		SolutionGuid = {9E1C3CD2-5EB3-463D-A9B2-2325A00580B0}
	EndGlobalSection
EndGlobal
