
Microsoft Visual Studio Solution File, Format Version 12.00
# Visual Studio 15
VisualStudioVersion = 15.0.27130.2024
MinimumVisualStudioVersion = 10.0.40219.1
Project("{FAE04EC0-301F-11D3-BF4B-00C04F79EFBC}") = "PostmanToMD", "PostmanToMD\PostmanToMD.csproj", "{C2DDCBC8-0C73-451A-BF2E-267DDCCC7E81}"
EndProject
Project("{FAE04EC0-301F-11D3-BF4B-00C04F79EFBC}") = "ApiToMD", "ApiToMD\ApiToMD.csproj", "{5A1EAB6A-7D29-4D55-AA02-0A89A602A922}"
EndProject
Project("{FAE04EC0-301F-11D3-BF4B-00C04F79EFBC}") = "Test", "Test\Test.csproj", "{E80EDB4A-249D-4CFB-8F14-DC3AD588F1B1}"
EndProject
Global
	GlobalSection(SolutionConfigurationPlatforms) = preSolution
		Debug|Any CPU = Debug|Any CPU
		Debug|ARM = Debug|ARM
		Debug|x64 = Debug|x64
		Debug|x86 = Debug|x86
		Release|Any CPU = Release|Any CPU
		Release|ARM = Release|ARM
		Release|x64 = Release|x64
		Release|x86 = Release|x86
	EndGlobalSection
	GlobalSection(ProjectConfigurationPlatforms) = postSolution
		{C2DDCBC8-0C73-451A-BF2E-267DDCCC7E81}.Debug|Any CPU.ActiveCfg = Debug|Any CPU
		{C2DDCBC8-0C73-451A-BF2E-267DDCCC7E81}.Debug|Any CPU.Build.0 = Debug|Any CPU
		{C2DDCBC8-0C73-451A-BF2E-267DDCCC7E81}.Debug|ARM.ActiveCfg = Debug|Any CPU
		{C2DDCBC8-0C73-451A-BF2E-267DDCCC7E81}.Debug|ARM.Build.0 = Debug|Any CPU
		{C2DDCBC8-0C73-451A-BF2E-267DDCCC7E81}.Debug|x64.ActiveCfg = Debug|Any CPU
		{C2DDCBC8-0C73-451A-BF2E-267DDCCC7E81}.Debug|x64.Build.0 = Debug|Any CPU
		{C2DDCBC8-0C73-451A-BF2E-267DDCCC7E81}.Debug|x86.ActiveCfg = Debug|Any CPU
		{C2DDCBC8-0C73-451A-BF2E-267DDCCC7E81}.Debug|x86.Build.0 = Debug|Any CPU
		{C2DDCBC8-0C73-451A-BF2E-267DDCCC7E81}.Release|Any CPU.ActiveCfg = Release|Any CPU
		{C2DDCBC8-0C73-451A-BF2E-267DDCCC7E81}.Release|Any CPU.Build.0 = Release|Any CPU
		{C2DDCBC8-0C73-451A-BF2E-267DDCCC7E81}.Release|ARM.ActiveCfg = Release|Any CPU
		{C2DDCBC8-0C73-451A-BF2E-267DDCCC7E81}.Release|ARM.Build.0 = Release|Any CPU
		{C2DDCBC8-0C73-451A-BF2E-267DDCCC7E81}.Release|x64.ActiveCfg = Release|Any CPU
		{C2DDCBC8-0C73-451A-BF2E-267DDCCC7E81}.Release|x64.Build.0 = Release|Any CPU
		{C2DDCBC8-0C73-451A-BF2E-267DDCCC7E81}.Release|x86.ActiveCfg = Release|Any CPU
		{C2DDCBC8-0C73-451A-BF2E-267DDCCC7E81}.Release|x86.Build.0 = Release|Any CPU
		{5A1EAB6A-7D29-4D55-AA02-0A89A602A922}.Debug|Any CPU.ActiveCfg = Debug|x86
		{5A1EAB6A-7D29-4D55-AA02-0A89A602A922}.Debug|Any CPU.Build.0 = Debug|x86
		{5A1EAB6A-7D29-4D55-AA02-0A89A602A922}.Debug|Any CPU.Deploy.0 = Debug|x86
		{5A1EAB6A-7D29-4D55-AA02-0A89A602A922}.Debug|ARM.ActiveCfg = Debug|x64
		{5A1EAB6A-7D29-4D55-AA02-0A89A602A922}.Debug|ARM.Build.0 = Debug|x64
		{5A1EAB6A-7D29-4D55-AA02-0A89A602A922}.Debug|ARM.Deploy.0 = Debug|x64
		{5A1EAB6A-7D29-4D55-AA02-0A89A602A922}.Debug|x64.ActiveCfg = Debug|x64
		{5A1EAB6A-7D29-4D55-AA02-0A89A602A922}.Debug|x64.Build.0 = Debug|x64
		{5A1EAB6A-7D29-4D55-AA02-0A89A602A922}.Debug|x64.Deploy.0 = Debug|x64
		{5A1EAB6A-7D29-4D55-AA02-0A89A602A922}.Debug|x86.ActiveCfg = Debug|x86
		{5A1EAB6A-7D29-4D55-AA02-0A89A602A922}.Debug|x86.Build.0 = Debug|x86
		{5A1EAB6A-7D29-4D55-AA02-0A89A602A922}.Debug|x86.Deploy.0 = Debug|x86
		{5A1EAB6A-7D29-4D55-AA02-0A89A602A922}.Release|Any CPU.ActiveCfg = Release|x86
		{5A1EAB6A-7D29-4D55-AA02-0A89A602A922}.Release|ARM.ActiveCfg = Release|ARM
		{5A1EAB6A-7D29-4D55-AA02-0A89A602A922}.Release|ARM.Build.0 = Release|ARM
		{5A1EAB6A-7D29-4D55-AA02-0A89A602A922}.Release|ARM.Deploy.0 = Release|ARM
		{5A1EAB6A-7D29-4D55-AA02-0A89A602A922}.Release|x64.ActiveCfg = Release|x64
		{5A1EAB6A-7D29-4D55-AA02-0A89A602A922}.Release|x64.Build.0 = Release|x64
		{5A1EAB6A-7D29-4D55-AA02-0A89A602A922}.Release|x64.Deploy.0 = Release|x64
		{5A1EAB6A-7D29-4D55-AA02-0A89A602A922}.Release|x86.ActiveCfg = Release|x86
		{5A1EAB6A-7D29-4D55-AA02-0A89A602A922}.Release|x86.Build.0 = Release|x86
		{5A1EAB6A-7D29-4D55-AA02-0A89A602A922}.Release|x86.Deploy.0 = Release|x86
		{E80EDB4A-249D-4CFB-8F14-DC3AD588F1B1}.Debug|Any CPU.ActiveCfg = Debug|Any CPU
		{E80EDB4A-249D-4CFB-8F14-DC3AD588F1B1}.Debug|Any CPU.Build.0 = Debug|Any CPU
		{E80EDB4A-249D-4CFB-8F14-DC3AD588F1B1}.Debug|ARM.ActiveCfg = Debug|Any CPU
		{E80EDB4A-249D-4CFB-8F14-DC3AD588F1B1}.Debug|ARM.Build.0 = Debug|Any CPU
		{E80EDB4A-249D-4CFB-8F14-DC3AD588F1B1}.Debug|x64.ActiveCfg = Debug|Any CPU
		{E80EDB4A-249D-4CFB-8F14-DC3AD588F1B1}.Debug|x64.Build.0 = Debug|Any CPU
		{E80EDB4A-249D-4CFB-8F14-DC3AD588F1B1}.Debug|x86.ActiveCfg = Debug|Any CPU
		{E80EDB4A-249D-4CFB-8F14-DC3AD588F1B1}.Debug|x86.Build.0 = Debug|Any CPU
		{E80EDB4A-249D-4CFB-8F14-DC3AD588F1B1}.Release|Any CPU.ActiveCfg = Release|Any CPU
		{E80EDB4A-249D-4CFB-8F14-DC3AD588F1B1}.Release|Any CPU.Build.0 = Release|Any CPU
		{E80EDB4A-249D-4CFB-8F14-DC3AD588F1B1}.Release|ARM.ActiveCfg = Release|Any CPU
		{E80EDB4A-249D-4CFB-8F14-DC3AD588F1B1}.Release|ARM.Build.0 = Release|Any CPU
		{E80EDB4A-249D-4CFB-8F14-DC3AD588F1B1}.Release|x64.ActiveCfg = Release|Any CPU
		{E80EDB4A-249D-4CFB-8F14-DC3AD588F1B1}.Release|x64.Build.0 = Release|Any CPU
		{E80EDB4A-249D-4CFB-8F14-DC3AD588F1B1}.Release|x86.ActiveCfg = Release|Any CPU
		{E80EDB4A-249D-4CFB-8F14-DC3AD588F1B1}.Release|x86.Build.0 = Release|Any CPU
	EndGlobalSection
	GlobalSection(SolutionProperties) = preSolution
		HideSolutionNode = FALSE
	EndGlobalSection
	GlobalSection(ExtensibilityGlobals) = postSolution
		SolutionGuid = {9E1C3CD2-5EB3-463D-A9B2-2325A00580B0}
	EndGlobalSection
EndGlobal
